<?xml version="1.0" encoding="utf-8"?>
<Project ToolsVersion="4.0" xmlns="http://schemas.microsoft.com/developer/msbuild/2003">
  <ItemGroup>
    <Filter Include="TomCat">
      <UniqueIdentifier>{CDE8E5D3-B98A-10AA-A245-24FE8E8697FA}</UniqueIdentifier>
    </Filter>
    <Filter Include="TomCat\Events">
      <UniqueIdentifier>{110C5E85-7DCC-D9BB-4607-2339B2861E98}</UniqueIdentifier>
    </Filter>
    <Filter Include="platform">
      <UniqueIdentifier>{4A63C33C-3630-1E48-5F49-0CF04B7553D6}</UniqueIdentifier>
    </Filter>
    <Filter Include="platform\OpenGL">
      <UniqueIdentifier>{13a0a1c4-e488-48fd-8627-c352469e491f}</UniqueIdentifier>
    </Filter>
  </ItemGroup>
  <ItemGroup>
    <ClInclude Include="src\TomCat.h" />
    <ClInclude Include="src\TomCat\Application.h">
      <Filter>TomCat</Filter>
    </ClInclude>
    <ClInclude Include="src\TomCat\Core.h">
      <Filter>TomCat</Filter>
    </ClInclude>
    <ClInclude Include="src\TomCat\EntryPoint.h">
      <Filter>TomCat</Filter>
    </ClInclude>
    <ClInclude Include="src\TomCat\Events\ApplicationEvent.h">
      <Filter>TomCat\Events</Filter>
    </ClInclude>
    <ClInclude Include="src\TomCat\Events\Event.h">
      <Filter>TomCat\Events</Filter>
    </ClInclude>
    <ClInclude Include="src\TomCat\Events\KeyEvent.h">
      <Filter>TomCat\Events</Filter>
    </ClInclude>
    <ClInclude Include="src\TomCat\Events\MouseEvent.h">
      <Filter>TomCat\Events</Filter>
    </ClInclude>
    <ClInclude Include="src\TomCat\Layer.h">
      <Filter>TomCat</Filter>
    </ClInclude>
    <ClInclude Include="src\TomCat\LayerStack.h">
      <Filter>TomCat</Filter>
    </ClInclude>
    <ClInclude Include="src\TomCat\Log.h">
      <Filter>TomCat</Filter>
    </ClInclude>
    <ClInclude Include="src\TomCat\Window.h">
      <Filter>TomCat</Filter>
    </ClInclude>
    <ClInclude Include="src\platform\WindowsWindow.h">
      <Filter>platform</Filter>
    </ClInclude>
    <ClInclude Include="src\tcpch.h" />
    <ClInclude Include="src\platform\OpenGL\ImGuiOpenGLRenderer.h">
      <Filter>platform\OpenGL</Filter>
    </ClInclude>
    <ClInclude Include="src\TomCat\ImGui\ImGuiLayer.h" />
  </ItemGroup>
  <ItemGroup>
    <ClCompile Include="src\TomCat\Application.cpp">
      <Filter>TomCat</Filter>
    </ClCompile>
    <ClCompile Include="src\TomCat\Layer.cpp">
      <Filter>TomCat</Filter>
    </ClCompile>
    <ClCompile Include="src\TomCat\LayerStack.cpp">
      <Filter>TomCat</Filter>
    </ClCompile>
    <ClCompile Include="src\TomCat\Log.cpp">
      <Filter>TomCat</Filter>
    </ClCompile>
    <ClCompile Include="src\platform\WindowsWindow.cpp">
      <Filter>platform</Filter>
    </ClCompile>
    <ClCompile Include="src\tcpch.cpp" />
    <ClCompile Include="src\platform\OpenGL\ImGuiOpenGLRenderer.cpp">
      <Filter>platform\OpenGL</Filter>
    </ClCompile>
    <ClCompile Include="src\TomCat\ImGui\ImGuiLayer.cpp" />
  </ItemGroup>
</Project>